
Microsoft Visual Studio Solution File, Format Version 12.00
# Visual Studio Version 17
VisualStudioVersion = 17.12.35527.113 d17.12
MinimumVisualStudioVersion = 10.0.40219.1
Project("{FAE04EC0-301F-11D3-BF4B-00C04F79EFBC}") = "AutomatedDataBackup", "AutomatedDataBackup\AutomatedDataBackup.csproj", "{A46F800D-FA82-4672-ACF2-04CC4C6BDA63}"
EndProject
Global
	GlobalSection(SolutionConfigurationPlatforms) = preSolution
		Debug|Any CPU = Debug|Any CPU
		Release|Any CPU = Release|Any CPU
	EndGlobalSection
	GlobalSection(ProjectConfigurationPlatforms) = postSolution
		{A46F800D-FA82-4672-ACF2-04CC4C6BDA63}.Debug|Any CPU.ActiveCfg = Debug|Any CPU
		{A46F800D-FA82-4672-ACF2-04CC4C6BDA63}.Debug|Any CPU.Build.0 = Debug|Any CPU
		{A46F800D-FA82-4672-ACF2-04CC4C6BDA63}.Release|Any CPU.ActiveCfg = Release|Any CPU
		{A46F800D-FA82-4672-ACF2-04CC4C6BDA63}.Release|Any CPU.Build.0 = Release|Any CPU
	EndGlobalSection
	GlobalSection(SolutionProperties) = preSolution
		HideSolutionNode = FALSE
	EndGlobalSection
EndGlobal
